
Microsoft Visual Studio Solution File, Format Version 12.00
# Visual Studio Version 16
VisualStudioVersion = 16.0.29318.209
MinimumVisualStudioVersion = 10.0.40219.1
Project("{F184B08F-C81C-45F6-A57F-5ABD9991F28F}") = "VBLanLibrary", "VBLanLibrary.vbproj", "{C11770D1-20A4-4038-A825-7C937ED8884A}"
EndProject
Project("{2150E333-8FDC-42A3-9474-1A3956D46DE8}") = "Solution Items", "Solution Items", "{D3371CBB-CA36-401B-9EE6-E861037F8905}"
EndProject
Global
	GlobalSection(SolutionConfigurationPlatforms) = preSolution
		Debug|Any CPU = Debug|Any CPU
		Release|Any CPU = Release|Any CPU
	EndGlobalSection
	GlobalSection(ProjectConfigurationPlatforms) = postSolution
		{C11770D1-20A4-4038-A825-7C937ED8884A}.Debug|Any CPU.ActiveCfg = Debug|Any CPU
		{C11770D1-20A4-4038-A825-7C937ED8884A}.Debug|Any CPU.Build.0 = Debug|Any CPU
		{C11770D1-20A4-4038-A825-7C937ED8884A}.Release|Any CPU.ActiveCfg = Release|Any CPU
		{C11770D1-20A4-4038-A825-7C937ED8884A}.Release|Any CPU.Build.0 = Release|Any CPU
	EndGlobalSection
	GlobalSection(SolutionProperties) = preSolution
		HideSolutionNode = FALSE
	EndGlobalSection
	GlobalSection(ExtensibilityGlobals) = postSolution
		SolutionGuid = {DDEA5CC4-EB24-40E6-8E32-28D8E740A8FC}
	EndGlobalSection
EndGlobal
